
Microsoft Visual Studio Solution File, Format Version 12.00
#
Project("{2150E333-8FDC-42A3-9474-1A3956D46DE8}") = "_TheCommune", "_TheCommune", "{6681CF6A-D21A-43E7-9B55-C8D153DF0996}"
EndProject
Project("{2150E333-8FDC-42A3-9474-1A3956D46DE8}") = "Shared", "Shared", "{879D76D0-7F52-4D6E-8D71-7D4560EA53CD}"
EndProject
Project("{FAE04EC0-301F-11D3-BF4B-00C04F79EFBC}") = "mojofawad.Shared", "..\..\mojofawad\src\mojofawad.Shared\mojofawad.Shared.csproj", "{1815EC75-3C4F-49AE-BAC1-EE8C5BC92154}"
EndProject
Project("{FAE04EC0-301F-11D3-BF4B-00C04F79EFBC}") = "mojofawad.Shared.Application", "..\..\mojofawad\src\mojofawad.Shared.Application\mojofawad.Shared.Application.csproj", "{EF595545-351F-4FED-A419-484ECFAEA95A}"
EndProject
Project("{FAE04EC0-301F-11D3-BF4B-00C04F79EFBC}") = "mojofawad.Shared.Domain", "..\..\mojofawad\src\mojofawad.Shared.Domain\mojofawad.Shared.Domain.csproj", "{1A6CE066-1727-4640-B2D0-F7B4015CA765}"
EndProject
Project("{FAE04EC0-301F-11D3-BF4B-00C04F79EFBC}") = "mojofawad.Shared.Infrastructure", "..\..\mojofawad\src\mojofawad.Shared.Infrastructure\mojofawad.Shared.Infrastructure.csproj", "{B6CB4062-7696-4E29-91EA-A30D3FFCCB38}"
EndProject
Project("{FAE04EC0-301F-11D3-BF4B-00C04F79EFBC}") = "mojofawad.Shared.ArchTests", "..\..\mojofawad\tests\mojofawad.Shared.ArchTests\mojofawad.Shared.ArchTests.csproj", "{A31779AB-B2E5-484B-B721-7890231C53D1}"
EndProject
Project("{FAE04EC0-301F-11D3-BF4B-00C04F79EFBC}") = "mojofawad.Shared.IntegrationTests", "..\..\mojofawad\tests\mojofawad.Shared.IntegrationTests\mojofawad.Shared.IntegrationTests.csproj", "{E4A370F5-4E8F-451D-BF39-E57954856657}"
EndProject
Project("{FAE04EC0-301F-11D3-BF4B-00C04F79EFBC}") = "mojofawad.Shared.UnitTests", "..\..\mojofawad\tests\mojofawad.Shared.UnitTests\mojofawad.Shared.UnitTests.csproj", "{988B0EE6-52F7-4187-976C-54D7B46FAFE8}"
EndProject
Project("{2150E333-8FDC-42A3-9474-1A3956D46DE8}") = "Chat", "Chat", "{365580EB-8EFC-4F44-B7CB-CDFFB68AE0EF}"
EndProject
Project("{2150E333-8FDC-42A3-9474-1A3956D46DE8}") = "Tests", "Tests", "{6DBF5BF8-1AC4-4A0A-B87A-94DC6BD4FC21}"
EndProject
Project("{2150E333-8FDC-42A3-9474-1A3956D46DE8}") = "Tests", "Tests", "{7E3EE0A4-5B6F-4E80-AC17-F77CFFDB124A}"
EndProject
Project("{FAE04EC0-301F-11D3-BF4B-00C04F79EFBC}") = "TheCommune.Chat", "TheCommune.Chat\TheCommune.Chat.csproj", "{59B770ED-5D8F-4D4C-89C6-1D311CB9F487}"
EndProject
Project("{FAE04EC0-301F-11D3-BF4B-00C04F79EFBC}") = "TheCommune.Chat.Application", "TheCommune.Chat.Application\TheCommune.Chat.Application.csproj", "{D8B96DA3-20C2-468D-89AD-87E9455D6D80}"
EndProject
Project("{FAE04EC0-301F-11D3-BF4B-00C04F79EFBC}") = "TheCommune.Chat.Domain", "TheCommune.Chat.Domain\TheCommune.Chat.Domain.csproj", "{A29DA2A1-8BDA-414A-8138-14B84815F9D9}"
EndProject
Project("{FAE04EC0-301F-11D3-BF4B-00C04F79EFBC}") = "TheCommune.Chat.Infrastructure", "TheCommune.Chat.Infrastructure\TheCommune.Chat.Infrastructure.csproj", "{BB758C33-0ABD-4EB9-B0C2-8AC5BE5CB966}"
EndProject
Project("{FAE04EC0-301F-11D3-BF4B-00C04F79EFBC}") = "TheCommune.Chat.UnitTests", "..\tests\TheCommune.Chat.UnitTests\TheCommune.Chat.UnitTests.csproj", "{C8B582DB-1FCF-4A37-B3B9-977ED293E39B}"
EndProject
Project("{FAE04EC0-301F-11D3-BF4B-00C04F79EFBC}") = "TheCommune.Chat.IntegrationTests", "..\tests\TheCommune.Chat.IntegrationTests\TheCommune.Chat.IntegrationTests.csproj", "{26C34E5A-344F-40CF-A6CA-DC2BBA0B0541}"
EndProject
Global
	GlobalSection(SolutionConfigurationPlatforms) = preSolution
		Debug|Any CPU = Debug|Any CPU
		Release|Any CPU = Release|Any CPU
	EndGlobalSection
	GlobalSection(ProjectConfigurationPlatforms) = postSolution
		{1815EC75-3C4F-49AE-BAC1-EE8C5BC92154}.Debug|Any CPU.ActiveCfg = Debug|Any CPU
		{1815EC75-3C4F-49AE-BAC1-EE8C5BC92154}.Debug|Any CPU.Build.0 = Debug|Any CPU
		{1815EC75-3C4F-49AE-BAC1-EE8C5BC92154}.Release|Any CPU.ActiveCfg = Release|Any CPU
		{1815EC75-3C4F-49AE-BAC1-EE8C5BC92154}.Release|Any CPU.Build.0 = Release|Any CPU
		{EF595545-351F-4FED-A419-484ECFAEA95A}.Debug|Any CPU.ActiveCfg = Debug|Any CPU
		{EF595545-351F-4FED-A419-484ECFAEA95A}.Debug|Any CPU.Build.0 = Debug|Any CPU
		{EF595545-351F-4FED-A419-484ECFAEA95A}.Release|Any CPU.ActiveCfg = Release|Any CPU
		{EF595545-351F-4FED-A419-484ECFAEA95A}.Release|Any CPU.Build.0 = Release|Any CPU
		{1A6CE066-1727-4640-B2D0-F7B4015CA765}.Debug|Any CPU.ActiveCfg = Debug|Any CPU
		{1A6CE066-1727-4640-B2D0-F7B4015CA765}.Debug|Any CPU.Build.0 = Debug|Any CPU
		{1A6CE066-1727-4640-B2D0-F7B4015CA765}.Release|Any CPU.ActiveCfg = Release|Any CPU
		{1A6CE066-1727-4640-B2D0-F7B4015CA765}.Release|Any CPU.Build.0 = Release|Any CPU
		{B6CB4062-7696-4E29-91EA-A30D3FFCCB38}.Debug|Any CPU.ActiveCfg = Debug|Any CPU
		{B6CB4062-7696-4E29-91EA-A30D3FFCCB38}.Debug|Any CPU.Build.0 = Debug|Any CPU
		{B6CB4062-7696-4E29-91EA-A30D3FFCCB38}.Release|Any CPU.ActiveCfg = Release|Any CPU
		{B6CB4062-7696-4E29-91EA-A30D3FFCCB38}.Release|Any CPU.Build.0 = Release|Any CPU
		{A31779AB-B2E5-484B-B721-7890231C53D1}.Debug|Any CPU.ActiveCfg = Debug|Any CPU
		{A31779AB-B2E5-484B-B721-7890231C53D1}.Debug|Any CPU.Build.0 = Debug|Any CPU
		{A31779AB-B2E5-484B-B721-7890231C53D1}.Release|Any CPU.ActiveCfg = Release|Any CPU
		{A31779AB-B2E5-484B-B721-7890231C53D1}.Release|Any CPU.Build.0 = Release|Any CPU
		{E4A370F5-4E8F-451D-BF39-E57954856657}.Debug|Any CPU.ActiveCfg = Debug|Any CPU
		{E4A370F5-4E8F-451D-BF39-E57954856657}.Debug|Any CPU.Build.0 = Debug|Any CPU
		{E4A370F5-4E8F-451D-BF39-E57954856657}.Release|Any CPU.ActiveCfg = Release|Any CPU
		{E4A370F5-4E8F-451D-BF39-E57954856657}.Release|Any CPU.Build.0 = Release|Any CPU
		{988B0EE6-52F7-4187-976C-54D7B46FAFE8}.Debug|Any CPU.ActiveCfg = Debug|Any CPU
		{988B0EE6-52F7-4187-976C-54D7B46FAFE8}.Debug|Any CPU.Build.0 = Debug|Any CPU
		{988B0EE6-52F7-4187-976C-54D7B46FAFE8}.Release|Any CPU.ActiveCfg = Release|Any CPU
		{988B0EE6-52F7-4187-976C-54D7B46FAFE8}.Release|Any CPU.Build.0 = Release|Any CPU
		{59B770ED-5D8F-4D4C-89C6-1D311CB9F487}.Debug|Any CPU.ActiveCfg = Debug|Any CPU
		{59B770ED-5D8F-4D4C-89C6-1D311CB9F487}.Debug|Any CPU.Build.0 = Debug|Any CPU
		{59B770ED-5D8F-4D4C-89C6-1D311CB9F487}.Release|Any CPU.ActiveCfg = Release|Any CPU
		{59B770ED-5D8F-4D4C-89C6-1D311CB9F487}.Release|Any CPU.Build.0 = Release|Any CPU
		{D8B96DA3-20C2-468D-89AD-87E9455D6D80}.Debug|Any CPU.ActiveCfg = Debug|Any CPU
		{D8B96DA3-20C2-468D-89AD-87E9455D6D80}.Debug|Any CPU.Build.0 = Debug|Any CPU
		{D8B96DA3-20C2-468D-89AD-87E9455D6D80}.Release|Any CPU.ActiveCfg = Release|Any CPU
		{D8B96DA3-20C2-468D-89AD-87E9455D6D80}.Release|Any CPU.Build.0 = Release|Any CPU
		{A29DA2A1-8BDA-414A-8138-14B84815F9D9}.Debug|Any CPU.ActiveCfg = Debug|Any CPU
		{A29DA2A1-8BDA-414A-8138-14B84815F9D9}.Debug|Any CPU.Build.0 = Debug|Any CPU
		{A29DA2A1-8BDA-414A-8138-14B84815F9D9}.Release|Any CPU.ActiveCfg = Release|Any CPU
		{A29DA2A1-8BDA-414A-8138-14B84815F9D9}.Release|Any CPU.Build.0 = Release|Any CPU
		{BB758C33-0ABD-4EB9-B0C2-8AC5BE5CB966}.Debug|Any CPU.ActiveCfg = Debug|Any CPU
		{BB758C33-0ABD-4EB9-B0C2-8AC5BE5CB966}.Debug|Any CPU.Build.0 = Debug|Any CPU
		{BB758C33-0ABD-4EB9-B0C2-8AC5BE5CB966}.Release|Any CPU.ActiveCfg = Release|Any CPU
		{BB758C33-0ABD-4EB9-B0C2-8AC5BE5CB966}.Release|Any CPU.Build.0 = Release|Any CPU
		{C8B582DB-1FCF-4A37-B3B9-977ED293E39B}.Debug|Any CPU.ActiveCfg = Debug|Any CPU
		{C8B582DB-1FCF-4A37-B3B9-977ED293E39B}.Debug|Any CPU.Build.0 = Debug|Any CPU
		{C8B582DB-1FCF-4A37-B3B9-977ED293E39B}.Release|Any CPU.ActiveCfg = Release|Any CPU
		{C8B582DB-1FCF-4A37-B3B9-977ED293E39B}.Release|Any CPU.Build.0 = Release|Any CPU
		{26C34E5A-344F-40CF-A6CA-DC2BBA0B0541}.Debug|Any CPU.ActiveCfg = Debug|Any CPU
		{26C34E5A-344F-40CF-A6CA-DC2BBA0B0541}.Debug|Any CPU.Build.0 = Debug|Any CPU
		{26C34E5A-344F-40CF-A6CA-DC2BBA0B0541}.Release|Any CPU.ActiveCfg = Release|Any CPU
		{26C34E5A-344F-40CF-A6CA-DC2BBA0B0541}.Release|Any CPU.Build.0 = Release|Any CPU
	EndGlobalSection
	GlobalSection(NestedProjects) = preSolution
		{1815EC75-3C4F-49AE-BAC1-EE8C5BC92154} = {879D76D0-7F52-4D6E-8D71-7D4560EA53CD}
		{365580EB-8EFC-4F44-B7CB-CDFFB68AE0EF} = {6681CF6A-D21A-43E7-9B55-C8D153DF0996}
		{6DBF5BF8-1AC4-4A0A-B87A-94DC6BD4FC21} = {365580EB-8EFC-4F44-B7CB-CDFFB68AE0EF}
		{7E3EE0A4-5B6F-4E80-AC17-F77CFFDB124A} = {879D76D0-7F52-4D6E-8D71-7D4560EA53CD}
		{A31779AB-B2E5-484B-B721-7890231C53D1} = {7E3EE0A4-5B6F-4E80-AC17-F77CFFDB124A}
		{E4A370F5-4E8F-451D-BF39-E57954856657} = {7E3EE0A4-5B6F-4E80-AC17-F77CFFDB124A}
		{988B0EE6-52F7-4187-976C-54D7B46FAFE8} = {7E3EE0A4-5B6F-4E80-AC17-F77CFFDB124A}
		{EF595545-351F-4FED-A419-484ECFAEA95A} = {879D76D0-7F52-4D6E-8D71-7D4560EA53CD}
		{1A6CE066-1727-4640-B2D0-F7B4015CA765} = {879D76D0-7F52-4D6E-8D71-7D4560EA53CD}
		{B6CB4062-7696-4E29-91EA-A30D3FFCCB38} = {879D76D0-7F52-4D6E-8D71-7D4560EA53CD}
		{D8B96DA3-20C2-468D-89AD-87E9455D6D80} = {365580EB-8EFC-4F44-B7CB-CDFFB68AE0EF}
		{A29DA2A1-8BDA-414A-8138-14B84815F9D9} = {365580EB-8EFC-4F44-B7CB-CDFFB68AE0EF}
		{BB758C33-0ABD-4EB9-B0C2-8AC5BE5CB966} = {365580EB-8EFC-4F44-B7CB-CDFFB68AE0EF}
		{59B770ED-5D8F-4D4C-89C6-1D311CB9F487} = {365580EB-8EFC-4F44-B7CB-CDFFB68AE0EF}
		{C8B582DB-1FCF-4A37-B3B9-977ED293E39B} = {6DBF5BF8-1AC4-4A0A-B87A-94DC6BD4FC21}
		{26C34E5A-344F-40CF-A6CA-DC2BBA0B0541} = {6DBF5BF8-1AC4-4A0A-B87A-94DC6BD4FC21}
	EndGlobalSection
EndGlobal
